
Microsoft Visual Studio Solution File, Format Version 12.00
# Visual Studio 15
VisualStudioVersion = 15.0.26124.0
MinimumVisualStudioVersion = 15.0.26124.0
Project("{FAE04EC0-301F-11D3-BF4B-00C04F79EFBC}") = "PrimeService", "PrimeService\PrimeService.csproj", "{72A59419-56F9-4B2D-A1EC-3354E188928F}"
EndProject
Project("{FAE04EC0-301F-11D3-BF4B-00C04F79EFBC}") = "PrimeService.Test", "PrimeService.Test\PrimeService.Test.csproj", "{F49A2CC4-25E4-486D-A210-8F78DC978378}"
EndProject
Global
	GlobalSection(SolutionConfigurationPlatforms) = preSolution
		Debug|Any CPU = Debug|Any CPU
		Debug|x64 = Debug|x64
		Debug|x86 = Debug|x86
		Release|Any CPU = Release|Any CPU
		Release|x64 = Release|x64
		Release|x86 = Release|x86
	EndGlobalSection
	GlobalSection(SolutionProperties) = preSolution
		HideSolutionNode = FALSE
	EndGlobalSection
	GlobalSection(ProjectConfigurationPlatforms) = postSolution
		{72A59419-56F9-4B2D-A1EC-3354E188928F}.Debug|Any CPU.ActiveCfg = Debug|Any CPU
		{72A59419-56F9-4B2D-A1EC-3354E188928F}.Debug|Any CPU.Build.0 = Debug|Any CPU
		{72A59419-56F9-4B2D-A1EC-3354E188928F}.Debug|x64.ActiveCfg = Debug|Any CPU
		{72A59419-56F9-4B2D-A1EC-3354E188928F}.Debug|x64.Build.0 = Debug|Any CPU
		{72A59419-56F9-4B2D-A1EC-3354E188928F}.Debug|x86.ActiveCfg = Debug|Any CPU
		{72A59419-56F9-4B2D-A1EC-3354E188928F}.Debug|x86.Build.0 = Debug|Any CPU
		{72A59419-56F9-4B2D-A1EC-3354E188928F}.Release|Any CPU.ActiveCfg = Release|Any CPU
		{72A59419-56F9-4B2D-A1EC-3354E188928F}.Release|Any CPU.Build.0 = Release|Any CPU
		{72A59419-56F9-4B2D-A1EC-3354E188928F}.Release|x64.ActiveCfg = Release|Any CPU
		{72A59419-56F9-4B2D-A1EC-3354E188928F}.Release|x64.Build.0 = Release|Any CPU
		{72A59419-56F9-4B2D-A1EC-3354E188928F}.Release|x86.ActiveCfg = Release|Any CPU
		{72A59419-56F9-4B2D-A1EC-3354E188928F}.Release|x86.Build.0 = Release|Any CPU
		{F49A2CC4-25E4-486D-A210-8F78DC978378}.Debug|Any CPU.ActiveCfg = Debug|Any CPU
		{F49A2CC4-25E4-486D-A210-8F78DC978378}.Debug|Any CPU.Build.0 = Debug|Any CPU
		{F49A2CC4-25E4-486D-A210-8F78DC978378}.Debug|x64.ActiveCfg = Debug|Any CPU
		{F49A2CC4-25E4-486D-A210-8F78DC978378}.Debug|x64.Build.0 = Debug|Any CPU
		{F49A2CC4-25E4-486D-A210-8F78DC978378}.Debug|x86.ActiveCfg = Debug|Any CPU
		{F49A2CC4-25E4-486D-A210-8F78DC978378}.Debug|x86.Build.0 = Debug|Any CPU
		{F49A2CC4-25E4-486D-A210-8F78DC978378}.Release|Any CPU.ActiveCfg = Release|Any CPU
		{F49A2CC4-25E4-486D-A210-8F78DC978378}.Release|Any CPU.Build.0 = Release|Any CPU
		{F49A2CC4-25E4-486D-A210-8F78DC978378}.Release|x64.ActiveCfg = Release|Any CPU
		{F49A2CC4-25E4-486D-A210-8F78DC978378}.Release|x64.Build.0 = Release|Any CPU
		{F49A2CC4-25E4-486D-A210-8F78DC978378}.Release|x86.ActiveCfg = Release|Any CPU
		{F49A2CC4-25E4-486D-A210-8F78DC978378}.Release|x86.Build.0 = Release|Any CPU
	EndGlobalSection
EndGlobal
